
Microsoft Visual Studio Solution File, Format Version 12.00
Project("{FAE04EC0-301F-11D3-BF4B-00C04F79EFBC}") = "SNUS_KLK1", "SNUS_KLK1\SNUS_KLK1.csproj", "{ED0DA768-0578-4268-8C55-E875009A15C2}"
EndProject
Global
	GlobalSection(SolutionConfigurationPlatforms) = preSolution
		Debug|Any CPU = Debug|Any CPU
		Release|Any CPU = Release|Any CPU
	EndGlobalSection
	GlobalSection(ProjectConfigurationPlatforms) = postSolution
		{ED0DA768-0578-4268-8C55-E875009A15C2}.Debug|Any CPU.ActiveCfg = Debug|Any CPU
		{ED0DA768-0578-4268-8C55-E875009A15C2}.Debug|Any CPU.Build.0 = Debug|Any CPU
		{ED0DA768-0578-4268-8C55-E875009A15C2}.Release|Any CPU.ActiveCfg = Release|Any CPU
		{ED0DA768-0578-4268-8C55-E875009A15C2}.Release|Any CPU.Build.0 = Release|Any CPU
	EndGlobalSection
EndGlobal
